// !$*UTF8*$!
{
	archiveVersion = 1;
	classes = {
	};
	objectVersion = 46;
	objects = {

/* Begin PBXBuildFile section */
		A111B9B21CBC209500A9104F /* AppDelegate.swift in Sources */ = {isa = PBXBuildFile; fileRef = A111B9B11CBC209500A9104F /* AppDelegate.swift */; };
		A111B9B41CBC209500A9104F /* ViewController.swift in Sources */ = {isa = PBXBuildFile; fileRef = A111B9B31CBC209500A9104F /* ViewController.swift */; };
		A111B9B71CBC209500A9104F /* Main.storyboard in Resources */ = {isa = PBXBuildFile; fileRef = A111B9B51CBC209500A9104F /* Main.storyboard */; };
		A111B9BA1CBC209500A9104F /* scrabbleTwoLetter.xcdatamodeld in Sources */ = {isa = PBXBuildFile; fileRef = A111B9B81CBC209500A9104F /* scrabbleTwoLetter.xcdatamodeld */; };
		A111B9BC1CBC209500A9104F /* Assets.xcassets in Resources */ = {isa = PBXBuildFile; fileRef = A111B9BB1CBC209500A9104F /* Assets.xcassets */; };
		A111B9BF1CBC209500A9104F /* LaunchScreen.storyboard in Resources */ = {isa = PBXBuildFile; fileRef = A111B9BD1CBC209500A9104F /* LaunchScreen.storyboard */; };
/* End PBXBuildFile section */

/* Begin PBXFileReference section */
		A111B9AE1CBC209500A9104F /* scrabbleTwoLetter.app */ = {isa = PBXFileReference; explicitFileType = wrapper.application; includeInIndex = 0; path = scrabbleTwoLetter.app; sourceTree = BUILT_PRODUCTS_DIR; };
		A111B9B11CBC209500A9104F /* AppDelegate.swift */ = {isa = PBXFileReference; lastKnownFileType = sourcecode.swift; path = AppDelegate.swift; sourceTree = "<group>"; };
		A111B9B31CBC209500A9104F /* ViewController.swift */ = {isa = PBXFileReference; lastKnownFileType = sourcecode.swift; path = ViewController.swift; sourceTree = "<group>"; };
		A111B9B61CBC209500A9104F /* Base */ = {isa = PBXFileReference; lastKnownFileType = file.storyboard; name = Base; path = Base.lproj/Main.storyboard; sourceTree = "<group>"; };
		A111B9B91CBC209500A9104F /* scrabbleTwoLetter.xcdatamodel */ = {isa = PBXFileReference; lastKnownFileType = wrapper.xcdatamodel; path = scrabbleTwoLetter.xcdatamodel; sourceTree = "<group>"; };
		A111B9BB1CBC209500A9104F /* Assets.xcassets */ = {isa = PBXFileReference; lastKnownFileType = folder.assetcatalog; path = Assets.xcassets; sourceTree = "<group>"; };
		A111B9BE1CBC209500A9104F /* Base */ = {isa = PBXFileReference; lastKnownFileType = file.storyboard; name = Base; path = Base.lproj/LaunchScreen.storyboard; sourceTree = "<group>"; };
		A111B9C01CBC209500A9104F /* Info.plist */ = {isa = PBXFileReference; lastKnownFileType = text.plist.xml; path = Info.plist; sourceTree = "<group>"; };
/* End PBXFileReference section */

/* Begin PBXFrameworksBuildPhase section */
		A111B9AB1CBC209500A9104F /* Frameworks */ = {
			isa = PBXFrameworksBuildPhase;
			buildActionMask = 2147483647;
			files = (
			);
			runOnlyForDeploymentPostprocessing = 0;
		};
/* End PBXFrameworksBuildPhase section */

/* Begin PBXGroup section */
		A111B9A51CBC209500A9104F = {
			isa = PBXGroup;
			children = (
				A111B9B01CBC209500A9104F /* scrabbleTwoLetter */,
				A111B9AF1CBC209500A9104F /* Products */,
			);
			sourceTree = "<group>";
		};
		A111B9AF1CBC209500A9104F /* Products */ = {
			isa = PBXGroup;
			children = (
				A111B9AE1CBC209500A9104F /* scrabbleTwoLetter.app */,
			);
			name = Products;
			sourceTree = "<group>";
		};
		A111B9B01CBC209500A9104F /* scrabbleTwoLetter */ = {
			isa = PBXGroup;
			children = (
				A111B9B11CBC209500A9104F /* AppDelegate.swift */,
				A111B9B31CBC209500A9104F /* ViewController.swift */,
				A111B9B51CBC209500A9104F /* Main.storyboard */,
				A111B9BB1CBC209500A9104F /* Assets.xcassets */,
				A111B9BD1CBC209500A9104F /* LaunchScreen.storyboard */,
				A111B9C01CBC209500A9104F /* Info.plist */,
				A111B9B81CBC209500A9104F /* scrabbleTwoLetter.xcdatamodeld */,
			);
			path = scrabbleTwoLetter;
			sourceTree = "<group>";
		};
/* End PBXGroup section */

/* Begin PBXNativeTarget section */
		A111B9AD1CBC209500A9104F /* scrabbleTwoLetter */ = {
			isa = PBXNativeTarget;
			buildConfigurationList = A111B9C31CBC209500A9104F /* Build configuration list for PBXNativeTarget "scrabbleTwoLetter" */;
			buildPhases = (
				A111B9AA1CBC209500A9104F /* Sources */,
				A111B9AB1CBC209500A9104F /* Frameworks */,
				A111B9AC1CBC209500A9104F /* Resources */,
			);
			buildRules = (
			);
			dependencies = (
			);
			name = scrabbleTwoLetter;
			productName = scrabbleTwoLetter;
			productReference = A111B9AE1CBC209500A9104F /* scrabbleTwoLetter.app */;
			productType = "com.apple.product-type.application";
		};
/* End PBXNativeTarget section */

/* Begin PBXProject section */
		A111B9A61CBC209500A9104F /* Project object */ = {
			isa = PBXProject;
			attributes = {
				LastSwiftUpdateCheck = 0720;
				LastUpgradeCheck = 0720;
				ORGANIZATIONNAME = "Chris Hovey";
				TargetAttributes = {
					A111B9AD1CBC209500A9104F = {
						CreatedOnToolsVersion = 7.2;
						DevelopmentTeam = 3723XBBGR7;
					};
				};
			};
			buildConfigurationList = A111B9A91CBC209500A9104F /* Build configuration list for PBXProject "scrabbleTwoLetter" */;
			compatibilityVersion = "Xcode 3.2";
			developmentRegion = English;
			hasScannedForEncodings = 0;
			knownRegions = (
				en,
				Base,
			);
			mainGroup = A111B9A51CBC209500A9104F;
			productRefGroup = A111B9AF1CBC209500A9104F /* Products */;
			projectDirPath = "";
			projectRoot = "";
			targets = (
				A111B9AD1CBC209500A9104F /* scrabbleTwoLetter */,
			);
		};
/* End PBXProject section */

/* Begin PBXResourcesBuildPhase section */
		A111B9AC1CBC209500A9104F /* Resources */ = {
			isa = PBXResourcesBuildPhase;
			buildActionMask = 2147483647;
			files = (
				A111B9BF1CBC209500A9104F /* LaunchScreen.storyboard in Resources */,
				A111B9BC1CBC209500A9104F /* Assets.xcassets in Resources */,
				A111B9B71CBC209500A9104F /* Main.storyboard in Resources */,
			);
			runOnlyForDeploymentPostprocessing = 0;
		};
/* End PBXResourcesBuildPhase section */

/* Begin PBXSourcesBuildPhase section */
		A111B9AA1CBC209500A9104F /* Sources */ = {
			isa = PBXSourcesBuildPhase;
			buildActionMask = 2147483647;
			files = (
				A111B9B41CBC209500A9104F /* ViewController.swift in Sources */,
				A111B9B21CBC209500A9104F /* AppDelegate.swift in Sources */,
				A111B9BA1CBC209500A9104F /* scrabbleTwoLetter.xcdatamodeld in Sources */,
			);
			runOnlyForDeploymentPostprocessing = 0;
		};
/* End PBXSourcesBuildPhase section */

/* Begin PBXVariantGroup section */
		A111B9B51CBC209500A9104F /* Main.storyboard */ = {
			isa = PBXVariantGroup;
			children = (
				A111B9B61CBC209500A9104F /* Base */,
			);
			name = Main.storyboard;
			sourceTree = "<group>";
		};
		A111B9BD1CBC209500A9104F /* LaunchScreen.storyboard */ = {
			isa = PBXVariantGroup;
			children = (
				A111B9BE1CBC209500A9104F /* Base */,
			);
			name = LaunchScreen.storyboard;
			sourceTree = "<group>";
		};
/* End PBXVariantGroup section */

/* Begin XCBuildConfiguration section */
		A111B9C11CBC209500A9104F /* Debug */ = {
			isa = XCBuildConfiguration;
			buildSettings = {
				ALWAYS_SEARCH_USER_PATHS = NO;
				CLANG_CXX_LANGUAGE_STANDARD = "gnu++0x";
				CLANG_CXX_LIBRARY = "libc++";
				CLANG_ENABLE_MODULES = YES;
				CLANG_ENABLE_OBJC_ARC = YES;
				CLANG_WARN_BOOL_CONVERSION = YES;
				CLANG_WARN_CONSTANT_CONVERSION = YES;
				CLANG_WARN_DIRECT_OBJC_ISA_USAGE = YES_ERROR;
				CLANG_WARN_EMPTY_BODY = YES;
				CLANG_WARN_ENUM_CONVERSION = YES;
				CLANG_WARN_INT_CONVERSION = YES;
				CLANG_WARN_OBJC_ROOT_CLASS = YES_ERROR;
				CLANG_WARN_UNREACHABLE_CODE = YES;
				CLANG_WARN__DUPLICATE_METHOD_MATCH = YES;
				"CODE_SIGN_IDENTITY[sdk=iphoneos*]" = "iPhone Developer";
				COPY_PHASE_STRIP = NO;
				DEBUG_INFORMATION_FORMAT = dwarf;
				ENABLE_STRICT_OBJC_MSGSEND = YES;
				ENABLE_TESTABILITY = YES;
				GCC_C_LANGUAGE_STANDARD = gnu99;
				GCC_DYNAMIC_NO_PIC = NO;
				GCC_NO_COMMON_BLOCKS = YES;
				GCC_OPTIMIZATION_LEVEL = 0;
				GCC_PREPROCESSOR_DEFINITIONS = (
					"DEBUG=1",
					"$(inherited)",
				);
				GCC_WARN_64_TO_32_BIT_CONVERSION = YES;
				GCC_WARN_ABOUT_RETURN_TYPE = YES_ERROR;
				GCC_WARN_UNDECLARED_SELECTOR = YES;
				GCC_WARN_UNINITIALIZED_AUTOS = YES_AGGRESSIVE;
				GCC_WARN_UNUSED_FUNCTION = YES;
				GCC_WARN_UNUSED_VARIABLE = YES;
				IPHONEOS_DEPLOYMENT_TARGET = 9.2;
				MTL_ENABLE_DEBUG_INFO = YES;
				ONLY_ACTIVE_ARCH = YES;
				SDKROOT = iphoneos;
				SWIFT_OPTIMIZATION_LEVEL = "-Onone";
				TARGETED_DEVICE_FAMILY = "1,2";
			};
			name = Debug;
		};
		A111B9C21CBC209500A9104F /* Release */ = {
			isa = XCBuildConfiguration;
			buildSettings = {
				ALWAYS_SEARCH_USER_PATHS = NO;
				CLANG_CXX_LANGUAGE_STANDARD = "gnu++0x";
				CLANG_CXX_LIBRARY = "libc++";
				CLANG_ENABLE_MODULES = YES;
				CLANG_ENABLE_OBJC_ARC = YES;
				CLANG_WARN_BOOL_CONVERSION = YES;
				CLANG_WARN_CONSTANT_CONVERSION = YES;
				CLANG_WARN_DIRECT_OBJC_ISA_USAGE = YES_ERROR;
				CLANG_WARN_EMPTY_BODY = YES;
				CLANG_WARN_ENUM_CONVERSION = YES;
				CLANG_WARN_INT_CONVERSION = YES;
				CLANG_WARN_OBJC_ROOT_CLASS = YES_ERROR;
				CLANG_WARN_UNREACHABLE_CODE = YES;
				CLANG_WARN__DUPLICATE_METHOD_MATCH = YES;
				"CODE_SIGN_IDENTITY[sdk=iphoneos*]" = "iPhone Developer";
				COPY_PHASE_STRIP = NO;
				DEBUG_INFORMATION_FORMAT = "dwarf-with-dsym";
				ENABLE_NS_ASSERTIONS = NO;
				ENABLE_STRICT_OBJC_MSGSEND = YES;
				GCC_C_LANGUAGE_STANDARD = gnu99;
				GCC_NO_COMMON_BLOCKS = YES;
				GCC_WARN_64_TO_32_BIT_CONVERSION = YES;
				GCC_WARN_ABOUT_RETURN_TYPE = YES_ERROR;
				GCC_WARN_UNDECLARED_SELECTOR = YES;
				GCC_WARN_UNINITIALIZED_AUTOS = YES_AGGRESSIVE;
				GCC_WARN_UNUSED_FUNCTION = YES;
				GCC_WARN_UNUSED_VARIABLE = YES;
				IPHONEOS_DEPLOYMENT_TARGET = 9.2;
				MTL_ENABLE_DEBUG_INFO = NO;
				SDKROOT = iphoneos;
				TARGETED_DEVICE_FAMILY = "1,2";
				VALIDATE_PRODUCT = YES;
			};
			name = Release;
		};
		A111B9C41CBC209500A9104F /* Debug */ = {
			isa = XCBuildConfiguration;
			buildSettings = {
				ASSETCATALOG_COMPILER_APPICON_NAME = AppIcon;
				INFOPLIST_FILE = scrabbleTwoLetter/Info.plist;
				LD_RUNPATH_SEARCH_PATHS = "$(inherited) @executable_path/Frameworks";
				PRODUCT_BUNDLE_IDENTIFIER = com.chrishovey.scrabbleTwoLetter;
				PRODUCT_NAME = "$(TARGET_NAME)";
			};
			name = Debug;
		};
		A111B9C51CBC209500A9104F /* Release */ = {
			isa = XCBuildConfiguration;
			buildSettings = {
				ASSETCATALOG_COMPILER_APPICON_NAME = AppIcon;
				INFOPLIST_FILE = scrabbleTwoLetter/Info.plist;
				LD_RUNPATH_SEARCH_PATHS = "$(inherited) @executable_path/Frameworks";
				PRODUCT_BUNDLE_IDENTIFIER = com.chrishovey.scrabbleTwoLetter;
				PRODUCT_NAME = "$(TARGET_NAME)";
			};
			name = Release;
		};
/* End XCBuildConfiguration section */

/* Begin XCConfigurationList section */
		A111B9A91CBC209500A9104F /* Build configuration list for PBXProject "scrabbleTwoLetter" */ = {
			isa = XCConfigurationList;
			buildConfigurations = (
				A111B9C11CBC209500A9104F /* Debug */,
				A111B9C21CBC209500A9104F /* Release */,
			);
			defaultConfigurationIsVisible = 0;
			defaultConfigurationName = Release;
		};
		A111B9C31CBC209500A9104F /* Build configuration list for PBXNativeTarget "scrabbleTwoLetter" */ = {
			isa = XCConfigurationList;
			buildConfigurations = (
				A111B9C41CBC209500A9104F /* Debug */,
				A111B9C51CBC209500A9104F /* Release */,
			);
			defaultConfigurationIsVisible = 0;
		};
/* End XCConfigurationList section */

/* Begin XCVersionGroup section */
		A111B9B81CBC209500A9104F /* scrabbleTwoLetter.xcdatamodeld */ = {
			isa = XCVersionGroup;
			children = (
				A111B9B91CBC209500A9104F /* scrabbleTwoLetter.xcdatamodel */,
			);
			currentVersion = A111B9B91CBC209500A9104F /* scrabbleTwoLetter.xcdatamodel */;
			path = scrabbleTwoLetter.xcdatamodeld;
			sourceTree = "<group>";
			versionGroupType = wrapper.xcdatamodel;
		};
/* End XCVersionGroup section */
	};
	rootObject = A111B9A61CBC209500A9104F /* Project object */;
}
