// !$*UTF8*$!
{
	archiveVersion = 1;
	classes = {
	};
	objectVersion = 46;
	objects = {

/* Begin PBXBuildFile section */
		A111B9B21CBC209500A9104F /* AppDelegate.swift in Sources */ = {isa = PBXBuildFile; fileRef = A111B9B11CBC209500A9104F /* AppDelegate.swift */; };
		A111B9B41CBC209500A9104F /* ViewController.swift in Sources */ = {isa = PBXBuildFile; fileRef = A111B9B31CBC209500A9104F /* ViewController.swift */; };
		A111B9B71CBC209500A9104F /* Main.storyboard in Resources */ = {isa = PBXBuildFile; fileRef = A111B9B51CBC209500A9104F /* Main.storyboard */; };
		A111B9BA1CBC209500A9104F /* scrabbleTwoLetter.xcdatamodeld in Sources */ = {isa = PBXBuildFile; fileRef = A111B9B81CBC209500A9104F /* scrabbleTwoLetter.xcdatamodeld */; };
		A111B9BC1CBC209500A9104F /* Assets.xcassets in Resources */ = {isa = PBXBuildFile; fileRef = A111B9BB1CBC209500A9104F /* Assets.xcassets */; };
		A111B9BF1CBC209500A9104F /* LaunchScreen.storyboard in Resources */ = {isa = PBXBuildFile; fileRef = A111B9BD1CBC209500A9104F /* LaunchScreen.storyboard */; };
		A111B9C81CBC26B900A9104F /* ScrabbleWord.swift in Sources */ = {isa = PBXBuildFile; fileRef = A111B9C71CBC26B900A9104F /* ScrabbleWord.swift */; };
		A111B9CB1CBC2C2200A9104F /* PostCell.swift in Sources */ = {isa = PBXBuildFile; fileRef = A111B9CA1CBC2C2200A9104F /* PostCell.swift */; };
		A111B9CE1CBC334400A9104F /* StoreWord.swift in Sources */ = {isa = PBXBuildFile; fileRef = A111B9CD1CBC334400A9104F /* StoreWord.swift */; };
		A111B9D01CBC4A7400A9104F /* REFUSETR.TTF in Resources */ = {isa = PBXBuildFile; fileRef = A111B9CF1CBC4A7400A9104F /* REFUSETR.TTF */; };
		A111B9D41CBC524900A9104F /* WordDetail.swift in Sources */ = {isa = PBXBuildFile; fileRef = A111B9D31CBC524900A9104F /* WordDetail.swift */; };
		A111B9D61CBC54D400A9104F /* imgLoader.swift in Sources */ = {isa = PBXBuildFile; fileRef = A111B9D51CBC54D400A9104F /* imgLoader.swift */; };
		A118B9541CD1277E004F341A /* CAGradientLayer.swift in Sources */ = {isa = PBXBuildFile; fileRef = A118B9531CD1277E004F341A /* CAGradientLayer.swift */; };
		A118B9561CD189F6004F341A /* TopView.swift in Sources */ = {isa = PBXBuildFile; fileRef = A118B9551CD189F6004F341A /* TopView.swift */; };
		A118B95C1CD293D2004F341A /* correctAnswer.mp3 in Resources */ = {isa = PBXBuildFile; fileRef = A118B95A1CD293D2004F341A /* correctAnswer.mp3 */; };
		A118B95D1CD293D2004F341A /* wrongAnswer.mp3 in Resources */ = {isa = PBXBuildFile; fileRef = A118B95B1CD293D2004F341A /* wrongAnswer.mp3 */; };
		A118B95F1CD2971B004F341A /* GeneralGameVC.swift in Sources */ = {isa = PBXBuildFile; fileRef = A118B95E1CD2971B004F341A /* GeneralGameVC.swift */; };
		A118B9831CD3F7D4004F341A /* up.wav in Resources */ = {isa = PBXBuildFile; fileRef = A118B9811CD3F7D4004F341A /* up.wav */; };
		A118B9841CD3F7D4004F341A /* down.wav in Resources */ = {isa = PBXBuildFile; fileRef = A118B9821CD3F7D4004F341A /* down.wav */; };
		A118B9881CD4012A004F341A /* fadeWord.wav in Resources */ = {isa = PBXBuildFile; fileRef = A118B9871CD4012A004F341A /* fadeWord.wav */; };
		A118B98A1CD40A62004F341A /* GeneralCollectionVC.swift in Sources */ = {isa = PBXBuildFile; fileRef = A118B9891CD40A62004F341A /* GeneralCollectionVC.swift */; };
		A1834A781CC97EE1000CE61D /* DefGameVC.swift in Sources */ = {isa = PBXBuildFile; fileRef = A1834A771CC97EE1000CE61D /* DefGameVC.swift */; };
		A1A245181CEFBFBF006E7E7C /* splash.mp3 in Resources */ = {isa = PBXBuildFile; fileRef = A1A245171CEFBFBF006E7E7C /* splash.mp3 */; };
		A1A2451A1CEFC4F2006E7E7C /* rockSplash.mp3 in Resources */ = {isa = PBXBuildFile; fileRef = A1A245191CEFC4F2006E7E7C /* rockSplash.mp3 */; };
		A1A2451C1CEFC587006E7E7C /* rockSplashShort.mp3 in Resources */ = {isa = PBXBuildFile; fileRef = A1A2451B1CEFC587006E7E7C /* rockSplashShort.mp3 */; };
		A1A2451E1CEFD08B006E7E7C /* bubble.mp3 in Resources */ = {isa = PBXBuildFile; fileRef = A1A2451D1CEFD08B006E7E7C /* bubble.mp3 */; };
		A1A245201CEFD458006E7E7C /* bubbleVariant.mp3 in Resources */ = {isa = PBXBuildFile; fileRef = A1A2451F1CEFD458006E7E7C /* bubbleVariant.mp3 */; };
		A1A245221CF01F00006E7E7C /* GoogleService-Info.plist in Resources */ = {isa = PBXBuildFile; fileRef = A1A245211CF01F00006E7E7C /* GoogleService-Info.plist */; };
		A1D70B441CBEBBCF00EDD7FB /* roundedCornersView.swift in Sources */ = {isa = PBXBuildFile; fileRef = A1D70B431CBEBBCF00EDD7FB /* roundedCornersView.swift */; };
		A1D883F51CC14219007F3F06 /* DeletedCollectionVC.swift in Sources */ = {isa = PBXBuildFile; fileRef = A1D883F41CC14219007F3F06 /* DeletedCollectionVC.swift */; };
		A1D883F81CC168CA007F3F06 /* DataService.swift in Sources */ = {isa = PBXBuildFile; fileRef = A1D883F71CC168CA007F3F06 /* DataService.swift */; };
		A1D919FC1CBD7679006D9D4D /* collectionVC.swift in Sources */ = {isa = PBXBuildFile; fileRef = A1D919FB1CBD7679006D9D4D /* collectionVC.swift */; };
		A1D919FE1CBD7900006D9D4D /* WordCell.swift in Sources */ = {isa = PBXBuildFile; fileRef = A1D919FD1CBD7900006D9D4D /* WordCell.swift */; };
		A1DA8E0A1CD05D4500A99C42 /* LearnWordBtn.swift in Sources */ = {isa = PBXBuildFile; fileRef = A1DA8E091CD05D4500A99C42 /* LearnWordBtn.swift */; };
		A1DA8E0C1CD0725E00A99C42 /* InformationVC.swift in Sources */ = {isa = PBXBuildFile; fileRef = A1DA8E0B1CD0725E00A99C42 /* InformationVC.swift */; };
		A1DBA51A1CC58A8F004659B2 /* matchImg.swift in Sources */ = {isa = PBXBuildFile; fileRef = A1DBA5191CC58A8F004659B2 /* matchImg.swift */; };
		A1DBA51C1CC58FAE004659B2 /* DragLabel.swift in Sources */ = {isa = PBXBuildFile; fileRef = A1DBA51B1CC58FAE004659B2 /* DragLabel.swift */; };
		A1DBA51E1CC6C8D9004659B2 /* ChooseCorrectWordGameVC.swift in Sources */ = {isa = PBXBuildFile; fileRef = A1DBA51D1CC6C8D9004659B2 /* ChooseCorrectWordGameVC.swift */; };
		A1DC84861CC2FCFA006C630D /* GameVC.swift in Sources */ = {isa = PBXBuildFile; fileRef = A1DC84851CC2FCFA006C630D /* GameVC.swift */; };
		A1DC84881CC542A7006C630D /* GameBtnImg.swift in Sources */ = {isa = PBXBuildFile; fileRef = A1DC84871CC542A7006C630D /* GameBtnImg.swift */; };
		A1DC848A1CC55C05006C630D /* ImageGameVC.swift in Sources */ = {isa = PBXBuildFile; fileRef = A1DC84891CC55C05006C630D /* ImageGameVC.swift */; };
		A1EBDA0A1CEC489C00544874 /* iAd.framework in Frameworks */ = {isa = PBXBuildFile; fileRef = A1EBDA091CEC489C00544874 /* iAd.framework */; };
		A1FEEB811CEA744200FB2533 /* correct.wav in Resources */ = {isa = PBXBuildFile; fileRef = A1FEEB801CEA744200FB2533 /* correct.wav */; };
		A1FEEB831CEA757300FB2533 /* sadTrombone.wav in Resources */ = {isa = PBXBuildFile; fileRef = A1FEEB821CEA757300FB2533 /* sadTrombone.wav */; };
		A1FEEB851CEA772100FB2533 /* happyDrum.mp3 in Resources */ = {isa = PBXBuildFile; fileRef = A1FEEB841CEA772100FB2533 /* happyDrum.mp3 */; };
		A1FEEB871CEA79FA00FB2533 /* drumSad.mp3 in Resources */ = {isa = PBXBuildFile; fileRef = A1FEEB861CEA79FA00FB2533 /* drumSad.mp3 */; };
		A1FEEB891CEA7BCA00FB2533 /* organSad.wav in Resources */ = {isa = PBXBuildFile; fileRef = A1FEEB881CEA7BCA00FB2533 /* organSad.wav */; };
		A1FEEB8B1CEA7C8600FB2533 /* crowdCheer.mp3 in Resources */ = {isa = PBXBuildFile; fileRef = A1FEEB8A1CEA7C8600FB2533 /* crowdCheer.mp3 */; };
		A1FEEB8D1CEA7E3A00FB2533 /* drumSemiFun.mp3 in Resources */ = {isa = PBXBuildFile; fileRef = A1FEEB8C1CEA7E3A00FB2533 /* drumSemiFun.mp3 */; };
		A1FEEB8F1CEA832300FB2533 /* upSecond.mp3 in Resources */ = {isa = PBXBuildFile; fileRef = A1FEEB8E1CEA832300FB2533 /* upSecond.mp3 */; };
		A1FEEB951CEA88EB00FB2533 /* correct2.wav in Resources */ = {isa = PBXBuildFile; fileRef = A1FEEB941CEA88EB00FB2533 /* correct2.wav */; };
		A1FEEB971CEA894A00FB2533 /* correct3.mp3 in Resources */ = {isa = PBXBuildFile; fileRef = A1FEEB961CEA894A00FB2533 /* correct3.mp3 */; };
		A1FEEB991CEA8A3000FB2533 /* flashlightWrong.mp3 in Resources */ = {isa = PBXBuildFile; fileRef = A1FEEB981CEA8A3000FB2533 /* flashlightWrong.mp3 */; };
		A1FEEB9B1CEA8BC900FB2533 /* wrong2.mp3 in Resources */ = {isa = PBXBuildFile; fileRef = A1FEEB9A1CEA8BC900FB2533 /* wrong2.mp3 */; };
/* End PBXBuildFile section */

/* Begin PBXFileReference section */
		A111B9AE1CBC209500A9104F /* scrabbleTwoLetter.app */ = {isa = PBXFileReference; explicitFileType = wrapper.application; includeInIndex = 0; path = scrabbleTwoLetter.app; sourceTree = BUILT_PRODUCTS_DIR; };
		A111B9B11CBC209500A9104F /* AppDelegate.swift */ = {isa = PBXFileReference; lastKnownFileType = sourcecode.swift; path = AppDelegate.swift; sourceTree = "<group>"; };
		A111B9B31CBC209500A9104F /* ViewController.swift */ = {isa = PBXFileReference; lastKnownFileType = sourcecode.swift; path = ViewController.swift; sourceTree = "<group>"; };
		A111B9B61CBC209500A9104F /* Base */ = {isa = PBXFileReference; lastKnownFileType = file.storyboard; name = Base; path = Base.lproj/Main.storyboard; sourceTree = "<group>"; };
		A111B9B91CBC209500A9104F /* scrabbleTwoLetter.xcdatamodel */ = {isa = PBXFileReference; lastKnownFileType = wrapper.xcdatamodel; path = scrabbleTwoLetter.xcdatamodel; sourceTree = "<group>"; };
		A111B9BB1CBC209500A9104F /* Assets.xcassets */ = {isa = PBXFileReference; lastKnownFileType = folder.assetcatalog; path = Assets.xcassets; sourceTree = "<group>"; };
		A111B9BE1CBC209500A9104F /* Base */ = {isa = PBXFileReference; lastKnownFileType = file.storyboard; name = Base; path = Base.lproj/LaunchScreen.storyboard; sourceTree = "<group>"; };
		A111B9C01CBC209500A9104F /* Info.plist */ = {isa = PBXFileReference; lastKnownFileType = text.plist.xml; path = Info.plist; sourceTree = "<group>"; };
		A111B9C71CBC26B900A9104F /* ScrabbleWord.swift */ = {isa = PBXFileReference; fileEncoding = 4; lastKnownFileType = sourcecode.swift; path = ScrabbleWord.swift; sourceTree = "<group>"; };
		A111B9CA1CBC2C2200A9104F /* PostCell.swift */ = {isa = PBXFileReference; fileEncoding = 4; lastKnownFileType = sourcecode.swift; path = PostCell.swift; sourceTree = "<group>"; };
		A111B9CD1CBC334400A9104F /* StoreWord.swift */ = {isa = PBXFileReference; fileEncoding = 4; lastKnownFileType = sourcecode.swift; path = StoreWord.swift; sourceTree = "<group>"; };
		A111B9CF1CBC4A7400A9104F /* REFUSETR.TTF */ = {isa = PBXFileReference; lastKnownFileType = file; path = REFUSETR.TTF; sourceTree = "<group>"; };
		A111B9D31CBC524900A9104F /* WordDetail.swift */ = {isa = PBXFileReference; fileEncoding = 4; lastKnownFileType = sourcecode.swift; path = WordDetail.swift; sourceTree = "<group>"; };
		A111B9D51CBC54D400A9104F /* imgLoader.swift */ = {isa = PBXFileReference; fileEncoding = 4; lastKnownFileType = sourcecode.swift; path = imgLoader.swift; sourceTree = "<group>"; };
		A118B9531CD1277E004F341A /* CAGradientLayer.swift */ = {isa = PBXFileReference; fileEncoding = 4; lastKnownFileType = sourcecode.swift; path = CAGradientLayer.swift; sourceTree = "<group>"; };
		A118B9551CD189F6004F341A /* TopView.swift */ = {isa = PBXFileReference; fileEncoding = 4; lastKnownFileType = sourcecode.swift; path = TopView.swift; sourceTree = "<group>"; };
		A118B95A1CD293D2004F341A /* correctAnswer.mp3 */ = {isa = PBXFileReference; lastKnownFileType = audio.mp3; path = correctAnswer.mp3; sourceTree = "<group>"; };
		A118B95B1CD293D2004F341A /* wrongAnswer.mp3 */ = {isa = PBXFileReference; lastKnownFileType = audio.mp3; path = wrongAnswer.mp3; sourceTree = "<group>"; };
		A118B95E1CD2971B004F341A /* GeneralGameVC.swift */ = {isa = PBXFileReference; fileEncoding = 4; lastKnownFileType = sourcecode.swift; path = GeneralGameVC.swift; sourceTree = "<group>"; };
		A118B9811CD3F7D4004F341A /* up.wav */ = {isa = PBXFileReference; lastKnownFileType = audio.wav; path = up.wav; sourceTree = "<group>"; };
		A118B9821CD3F7D4004F341A /* down.wav */ = {isa = PBXFileReference; lastKnownFileType = audio.wav; path = down.wav; sourceTree = "<group>"; };
		A118B9871CD4012A004F341A /* fadeWord.wav */ = {isa = PBXFileReference; lastKnownFileType = audio.wav; path = fadeWord.wav; sourceTree = "<group>"; };
		A118B9891CD40A62004F341A /* GeneralCollectionVC.swift */ = {isa = PBXFileReference; fileEncoding = 4; lastKnownFileType = sourcecode.swift; path = GeneralCollectionVC.swift; sourceTree = "<group>"; };
		A1834A771CC97EE1000CE61D /* DefGameVC.swift */ = {isa = PBXFileReference; fileEncoding = 4; lastKnownFileType = sourcecode.swift; path = DefGameVC.swift; sourceTree = "<group>"; };
		A1A245171CEFBFBF006E7E7C /* splash.mp3 */ = {isa = PBXFileReference; lastKnownFileType = audio.mp3; name = splash.mp3; path = "../../../../Music/iTunes/iTunes Media/Music/Unknown Artist/Unknown Album/splash.mp3"; sourceTree = "<group>"; };
		A1A245191CEFC4F2006E7E7C /* rockSplash.mp3 */ = {isa = PBXFileReference; lastKnownFileType = audio.mp3; name = rockSplash.mp3; path = "../../../../Music/iTunes/iTunes Media/Music/Unknown Artist/Unknown Album/rockSplash.mp3"; sourceTree = "<group>"; };
		A1A2451B1CEFC587006E7E7C /* rockSplashShort.mp3 */ = {isa = PBXFileReference; lastKnownFileType = audio.mp3; name = rockSplashShort.mp3; path = "../../../../Music/iTunes/iTunes Media/Music/Unknown Artist/Unknown Album/rockSplashShort.mp3"; sourceTree = "<group>"; };
		A1A2451D1CEFD08B006E7E7C /* bubble.mp3 */ = {isa = PBXFileReference; lastKnownFileType = audio.mp3; name = bubble.mp3; path = "../../../../Music/iTunes/iTunes Media/Music/Unknown Artist/Unknown Album/bubble.mp3"; sourceTree = "<group>"; };
		A1A2451F1CEFD458006E7E7C /* bubbleVariant.mp3 */ = {isa = PBXFileReference; lastKnownFileType = audio.mp3; name = bubbleVariant.mp3; path = "../../../../Music/iTunes/iTunes Media/Music/Unknown Artist/Unknown Album/bubbleVariant.mp3"; sourceTree = "<group>"; };
		A1A245211CF01F00006E7E7C /* GoogleService-Info.plist */ = {isa = PBXFileReference; fileEncoding = 4; lastKnownFileType = text.plist.xml; name = "GoogleService-Info.plist"; path = "../../../../Downloads/GoogleService-Info.plist"; sourceTree = "<group>"; };
		A1D70B431CBEBBCF00EDD7FB /* roundedCornersView.swift */ = {isa = PBXFileReference; fileEncoding = 4; lastKnownFileType = sourcecode.swift; path = roundedCornersView.swift; sourceTree = "<group>"; };
		A1D883F41CC14219007F3F06 /* DeletedCollectionVC.swift */ = {isa = PBXFileReference; fileEncoding = 4; lastKnownFileType = sourcecode.swift; path = DeletedCollectionVC.swift; sourceTree = "<group>"; };
		A1D883F71CC168CA007F3F06 /* DataService.swift */ = {isa = PBXFileReference; fileEncoding = 4; lastKnownFileType = sourcecode.swift; path = DataService.swift; sourceTree = "<group>"; };
		A1D919FB1CBD7679006D9D4D /* collectionVC.swift */ = {isa = PBXFileReference; fileEncoding = 4; lastKnownFileType = sourcecode.swift; path = collectionVC.swift; sourceTree = "<group>"; };
		A1D919FD1CBD7900006D9D4D /* WordCell.swift */ = {isa = PBXFileReference; fileEncoding = 4; lastKnownFileType = sourcecode.swift; path = WordCell.swift; sourceTree = "<group>"; };
		A1DA8E091CD05D4500A99C42 /* LearnWordBtn.swift */ = {isa = PBXFileReference; fileEncoding = 4; lastKnownFileType = sourcecode.swift; path = LearnWordBtn.swift; sourceTree = "<group>"; };
		A1DA8E0B1CD0725E00A99C42 /* InformationVC.swift */ = {isa = PBXFileReference; fileEncoding = 4; lastKnownFileType = sourcecode.swift; path = InformationVC.swift; sourceTree = "<group>"; };
		A1DBA5191CC58A8F004659B2 /* matchImg.swift */ = {isa = PBXFileReference; fileEncoding = 4; lastKnownFileType = sourcecode.swift; path = matchImg.swift; sourceTree = "<group>"; };
		A1DBA51B1CC58FAE004659B2 /* DragLabel.swift */ = {isa = PBXFileReference; fileEncoding = 4; lastKnownFileType = sourcecode.swift; path = DragLabel.swift; sourceTree = "<group>"; };
		A1DBA51D1CC6C8D9004659B2 /* ChooseCorrectWordGameVC.swift */ = {isa = PBXFileReference; fileEncoding = 4; lastKnownFileType = sourcecode.swift; path = ChooseCorrectWordGameVC.swift; sourceTree = "<group>"; };
		A1DC84851CC2FCFA006C630D /* GameVC.swift */ = {isa = PBXFileReference; fileEncoding = 4; lastKnownFileType = sourcecode.swift; path = GameVC.swift; sourceTree = "<group>"; };
		A1DC84871CC542A7006C630D /* GameBtnImg.swift */ = {isa = PBXFileReference; fileEncoding = 4; lastKnownFileType = sourcecode.swift; path = GameBtnImg.swift; sourceTree = "<group>"; };
		A1DC84891CC55C05006C630D /* ImageGameVC.swift */ = {isa = PBXFileReference; fileEncoding = 4; lastKnownFileType = sourcecode.swift; path = ImageGameVC.swift; sourceTree = "<group>"; };
		A1EBDA091CEC489C00544874 /* iAd.framework */ = {isa = PBXFileReference; lastKnownFileType = wrapper.framework; name = iAd.framework; path = System/Library/Frameworks/iAd.framework; sourceTree = SDKROOT; };
		A1FEEB801CEA744200FB2533 /* correct.wav */ = {isa = PBXFileReference; lastKnownFileType = audio.wav; path = correct.wav; sourceTree = "<group>"; };
		A1FEEB821CEA757300FB2533 /* sadTrombone.wav */ = {isa = PBXFileReference; lastKnownFileType = audio.wav; path = sadTrombone.wav; sourceTree = "<group>"; };
		A1FEEB841CEA772100FB2533 /* happyDrum.mp3 */ = {isa = PBXFileReference; lastKnownFileType = audio.mp3; path = happyDrum.mp3; sourceTree = "<group>"; };
		A1FEEB861CEA79FA00FB2533 /* drumSad.mp3 */ = {isa = PBXFileReference; lastKnownFileType = audio.mp3; path = drumSad.mp3; sourceTree = "<group>"; };
		A1FEEB881CEA7BCA00FB2533 /* organSad.wav */ = {isa = PBXFileReference; lastKnownFileType = audio.wav; path = organSad.wav; sourceTree = "<group>"; };
		A1FEEB8A1CEA7C8600FB2533 /* crowdCheer.mp3 */ = {isa = PBXFileReference; lastKnownFileType = audio.mp3; path = crowdCheer.mp3; sourceTree = "<group>"; };
		A1FEEB8C1CEA7E3A00FB2533 /* drumSemiFun.mp3 */ = {isa = PBXFileReference; lastKnownFileType = audio.mp3; path = drumSemiFun.mp3; sourceTree = "<group>"; };
		A1FEEB8E1CEA832300FB2533 /* upSecond.mp3 */ = {isa = PBXFileReference; lastKnownFileType = audio.mp3; path = upSecond.mp3; sourceTree = "<group>"; };
		A1FEEB941CEA88EB00FB2533 /* correct2.wav */ = {isa = PBXFileReference; lastKnownFileType = audio.wav; path = correct2.wav; sourceTree = "<group>"; };
		A1FEEB961CEA894A00FB2533 /* correct3.mp3 */ = {isa = PBXFileReference; lastKnownFileType = audio.mp3; path = correct3.mp3; sourceTree = "<group>"; };
		A1FEEB981CEA8A3000FB2533 /* flashlightWrong.mp3 */ = {isa = PBXFileReference; lastKnownFileType = audio.mp3; path = flashlightWrong.mp3; sourceTree = "<group>"; };
		A1FEEB9A1CEA8BC900FB2533 /* wrong2.mp3 */ = {isa = PBXFileReference; lastKnownFileType = audio.mp3; path = wrong2.mp3; sourceTree = "<group>"; };
/* End PBXFileReference section */

/* Begin PBXFrameworksBuildPhase section */
		A111B9AB1CBC209500A9104F /* Frameworks */ = {
			isa = PBXFrameworksBuildPhase;
			buildActionMask = 2147483647;
			files = (
				A1EBDA0A1CEC489C00544874 /* iAd.framework in Frameworks */,
			);
			runOnlyForDeploymentPostprocessing = 0;
		};
/* End PBXFrameworksBuildPhase section */

/* Begin PBXGroup section */
		A111B9A51CBC209500A9104F = {
			isa = PBXGroup;
			children = (
				A1EBDA091CEC489C00544874 /* iAd.framework */,
				A111B9B01CBC209500A9104F /* scrabbleTwoLetter */,
				A111B9AF1CBC209500A9104F /* Products */,
			);
			sourceTree = "<group>";
		};
		A111B9AF1CBC209500A9104F /* Products */ = {
			isa = PBXGroup;
			children = (
				A111B9AE1CBC209500A9104F /* scrabbleTwoLetter.app */,
			);
			name = Products;
			sourceTree = "<group>";
		};
		A111B9B01CBC209500A9104F /* scrabbleTwoLetter */ = {
			isa = PBXGroup;
			children = (
				A118B9591CD293AE004F341A /* Resources */,
				A1D883F61CC168AD007F3F06 /* Services */,
				A111B9C61CBC269800A9104F /* Model */,
				A111B9B11CBC209500A9104F /* AppDelegate.swift */,
				A111B9C91CBC2BC500A9104F /* View */,
				A111B9CC1CBC2EEA00A9104F /* Controller */,
				A111B9BB1CBC209500A9104F /* Assets.xcassets */,
				A111B9BD1CBC209500A9104F /* LaunchScreen.storyboard */,
				A111B9C01CBC209500A9104F /* Info.plist */,
				A1A245211CF01F00006E7E7C /* GoogleService-Info.plist */,
				A111B9B81CBC209500A9104F /* scrabbleTwoLetter.xcdatamodeld */,
				A111B9CF1CBC4A7400A9104F /* REFUSETR.TTF */,
				A111B9CD1CBC334400A9104F /* StoreWord.swift */,
				A111B9D51CBC54D400A9104F /* imgLoader.swift */,
			);
			path = scrabbleTwoLetter;
			sourceTree = "<group>";
		};
		A111B9C61CBC269800A9104F /* Model */ = {
			isa = PBXGroup;
			children = (
				A111B9C71CBC26B900A9104F /* ScrabbleWord.swift */,
			);
			name = Model;
			path = ..;
			sourceTree = "<group>";
		};
		A111B9C91CBC2BC500A9104F /* View */ = {
			isa = PBXGroup;
			children = (
				A111B9CA1CBC2C2200A9104F /* PostCell.swift */,
				A1D919FD1CBD7900006D9D4D /* WordCell.swift */,
				A1D70B431CBEBBCF00EDD7FB /* roundedCornersView.swift */,
				A111B9B51CBC209500A9104F /* Main.storyboard */,
				A1DC84871CC542A7006C630D /* GameBtnImg.swift */,
				A1DBA5191CC58A8F004659B2 /* matchImg.swift */,
				A1DBA51B1CC58FAE004659B2 /* DragLabel.swift */,
				A1DA8E091CD05D4500A99C42 /* LearnWordBtn.swift */,
				A118B9531CD1277E004F341A /* CAGradientLayer.swift */,
				A118B9551CD189F6004F341A /* TopView.swift */,
			);
			name = View;
			path = ..;
			sourceTree = "<group>";
		};
		A111B9CC1CBC2EEA00A9104F /* Controller */ = {
			isa = PBXGroup;
			children = (
				A111B9B31CBC209500A9104F /* ViewController.swift */,
				A1DA8E0B1CD0725E00A99C42 /* InformationVC.swift */,
				A111B9D31CBC524900A9104F /* WordDetail.swift */,
				A118B9891CD40A62004F341A /* GeneralCollectionVC.swift */,
				A1D919FB1CBD7679006D9D4D /* collectionVC.swift */,
				A1D883F41CC14219007F3F06 /* DeletedCollectionVC.swift */,
				A1DC84851CC2FCFA006C630D /* GameVC.swift */,
				A1DC84891CC55C05006C630D /* ImageGameVC.swift */,
				A1DBA51D1CC6C8D9004659B2 /* ChooseCorrectWordGameVC.swift */,
				A1834A771CC97EE1000CE61D /* DefGameVC.swift */,
				A118B95E1CD2971B004F341A /* GeneralGameVC.swift */,
			);
			name = Controller;
			sourceTree = "<group>";
		};
		A118B9591CD293AE004F341A /* Resources */ = {
			isa = PBXGroup;
			children = (
				A1A245171CEFBFBF006E7E7C /* splash.mp3 */,
				A118B9871CD4012A004F341A /* fadeWord.wav */,
				A118B95A1CD293D2004F341A /* correctAnswer.mp3 */,
				A1FEEB801CEA744200FB2533 /* correct.wav */,
				A1FEEB821CEA757300FB2533 /* sadTrombone.wav */,
				A118B95B1CD293D2004F341A /* wrongAnswer.mp3 */,
				A1A2451B1CEFC587006E7E7C /* rockSplashShort.mp3 */,
				A1A2451F1CEFD458006E7E7C /* bubbleVariant.mp3 */,
				A1FEEB8E1CEA832300FB2533 /* upSecond.mp3 */,
				A1A2451D1CEFD08B006E7E7C /* bubble.mp3 */,
				A118B9811CD3F7D4004F341A /* up.wav */,
				A1A245191CEFC4F2006E7E7C /* rockSplash.mp3 */,
				A1FEEB841CEA772100FB2533 /* happyDrum.mp3 */,
				A1FEEB941CEA88EB00FB2533 /* correct2.wav */,
				A1FEEB961CEA894A00FB2533 /* correct3.mp3 */,
				A1FEEB881CEA7BCA00FB2533 /* organSad.wav */,
				A1FEEB9A1CEA8BC900FB2533 /* wrong2.mp3 */,
				A1FEEB981CEA8A3000FB2533 /* flashlightWrong.mp3 */,
				A1FEEB8A1CEA7C8600FB2533 /* crowdCheer.mp3 */,
				A1FEEB8C1CEA7E3A00FB2533 /* drumSemiFun.mp3 */,
				A1FEEB861CEA79FA00FB2533 /* drumSad.mp3 */,
				A118B9821CD3F7D4004F341A /* down.wav */,
			);
			name = Resources;
			sourceTree = "<group>";
		};
		A1D883F61CC168AD007F3F06 /* Services */ = {
			isa = PBXGroup;
			children = (
				A1D883F71CC168CA007F3F06 /* DataService.swift */,
			);
			name = Services;
			sourceTree = "<group>";
		};
/* End PBXGroup section */

/* Begin PBXNativeTarget section */
		A111B9AD1CBC209500A9104F /* scrabbleTwoLetter */ = {
			isa = PBXNativeTarget;
			buildConfigurationList = A111B9C31CBC209500A9104F /* Build configuration list for PBXNativeTarget "scrabbleTwoLetter" */;
			buildPhases = (
				A111B9AA1CBC209500A9104F /* Sources */,
				A111B9AB1CBC209500A9104F /* Frameworks */,
				A111B9AC1CBC209500A9104F /* Resources */,
			);
			buildRules = (
			);
			dependencies = (
			);
			name = scrabbleTwoLetter;
			productName = scrabbleTwoLetter;
			productReference = A111B9AE1CBC209500A9104F /* scrabbleTwoLetter.app */;
			productType = "com.apple.product-type.application";
		};
/* End PBXNativeTarget section */

/* Begin PBXProject section */
		A111B9A61CBC209500A9104F /* Project object */ = {
			isa = PBXProject;
			attributes = {
				LastSwiftUpdateCheck = 0720;
				LastUpgradeCheck = 0720;
				ORGANIZATIONNAME = "Chris Hovey";
				TargetAttributes = {
					A111B9AD1CBC209500A9104F = {
						CreatedOnToolsVersion = 7.2;
						DevelopmentTeam = 3723XBBGR7;
					};
				};
			};
			buildConfigurationList = A111B9A91CBC209500A9104F /* Build configuration list for PBXProject "scrabbleTwoLetter" */;
			compatibilityVersion = "Xcode 3.2";
			developmentRegion = English;
			hasScannedForEncodings = 0;
			knownRegions = (
				en,
				Base,
			);
			mainGroup = A111B9A51CBC209500A9104F;
			productRefGroup = A111B9AF1CBC209500A9104F /* Products */;
			projectDirPath = "";
			projectRoot = "";
			targets = (
				A111B9AD1CBC209500A9104F /* scrabbleTwoLetter */,
			);
		};
/* End PBXProject section */

/* Begin PBXResourcesBuildPhase section */
		A111B9AC1CBC209500A9104F /* Resources */ = {
			isa = PBXResourcesBuildPhase;
			buildActionMask = 2147483647;
			files = (
				A1FEEB8B1CEA7C8600FB2533 /* crowdCheer.mp3 in Resources */,
				A1A2451A1CEFC4F2006E7E7C /* rockSplash.mp3 in Resources */,
				A1FEEB991CEA8A3000FB2533 /* flashlightWrong.mp3 in Resources */,
				A118B9841CD3F7D4004F341A /* down.wav in Resources */,
				A1FEEB891CEA7BCA00FB2533 /* organSad.wav in Resources */,
				A1FEEB831CEA757300FB2533 /* sadTrombone.wav in Resources */,
				A1FEEB811CEA744200FB2533 /* correct.wav in Resources */,
				A1FEEB871CEA79FA00FB2533 /* drumSad.mp3 in Resources */,
				A1FEEB971CEA894A00FB2533 /* correct3.mp3 in Resources */,
				A111B9D01CBC4A7400A9104F /* REFUSETR.TTF in Resources */,
				A1FEEB9B1CEA8BC900FB2533 /* wrong2.mp3 in Resources */,
				A1A245221CF01F00006E7E7C /* GoogleService-Info.plist in Resources */,
				A1A2451C1CEFC587006E7E7C /* rockSplashShort.mp3 in Resources */,
				A1A2451E1CEFD08B006E7E7C /* bubble.mp3 in Resources */,
				A118B95C1CD293D2004F341A /* correctAnswer.mp3 in Resources */,
				A1A245181CEFBFBF006E7E7C /* splash.mp3 in Resources */,
				A1FEEB851CEA772100FB2533 /* happyDrum.mp3 in Resources */,
				A111B9BF1CBC209500A9104F /* LaunchScreen.storyboard in Resources */,
				A118B9831CD3F7D4004F341A /* up.wav in Resources */,
				A1A245201CEFD458006E7E7C /* bubbleVariant.mp3 in Resources */,
				A111B9BC1CBC209500A9104F /* Assets.xcassets in Resources */,
				A1FEEB951CEA88EB00FB2533 /* correct2.wav in Resources */,
				A118B9881CD4012A004F341A /* fadeWord.wav in Resources */,
				A1FEEB8D1CEA7E3A00FB2533 /* drumSemiFun.mp3 in Resources */,
				A118B95D1CD293D2004F341A /* wrongAnswer.mp3 in Resources */,
				A1FEEB8F1CEA832300FB2533 /* upSecond.mp3 in Resources */,
				A111B9B71CBC209500A9104F /* Main.storyboard in Resources */,
			);
			runOnlyForDeploymentPostprocessing = 0;
		};
/* End PBXResourcesBuildPhase section */

/* Begin PBXSourcesBuildPhase section */
		A111B9AA1CBC209500A9104F /* Sources */ = {
			isa = PBXSourcesBuildPhase;
			buildActionMask = 2147483647;
			files = (
				A1DA8E0C1CD0725E00A99C42 /* InformationVC.swift in Sources */,
				A118B9561CD189F6004F341A /* TopView.swift in Sources */,
				A111B9D41CBC524900A9104F /* WordDetail.swift in Sources */,
				A1D883F81CC168CA007F3F06 /* DataService.swift in Sources */,
				A1DBA51E1CC6C8D9004659B2 /* ChooseCorrectWordGameVC.swift in Sources */,
				A118B95F1CD2971B004F341A /* GeneralGameVC.swift in Sources */,
				A1DA8E0A1CD05D4500A99C42 /* LearnWordBtn.swift in Sources */,
				A1DBA51C1CC58FAE004659B2 /* DragLabel.swift in Sources */,
				A111B9B41CBC209500A9104F /* ViewController.swift in Sources */,
				A1DC848A1CC55C05006C630D /* ImageGameVC.swift in Sources */,
				A1834A781CC97EE1000CE61D /* DefGameVC.swift in Sources */,
				A111B9B21CBC209500A9104F /* AppDelegate.swift in Sources */,
				A1DBA51A1CC58A8F004659B2 /* matchImg.swift in Sources */,
				A111B9BA1CBC209500A9104F /* scrabbleTwoLetter.xcdatamodeld in Sources */,
				A111B9CE1CBC334400A9104F /* StoreWord.swift in Sources */,
				A1DC84881CC542A7006C630D /* GameBtnImg.swift in Sources */,
				A118B9541CD1277E004F341A /* CAGradientLayer.swift in Sources */,
				A111B9C81CBC26B900A9104F /* ScrabbleWord.swift in Sources */,
				A1D70B441CBEBBCF00EDD7FB /* roundedCornersView.swift in Sources */,
				A111B9D61CBC54D400A9104F /* imgLoader.swift in Sources */,
				A1D883F51CC14219007F3F06 /* DeletedCollectionVC.swift in Sources */,
				A118B98A1CD40A62004F341A /* GeneralCollectionVC.swift in Sources */,
				A1D919FE1CBD7900006D9D4D /* WordCell.swift in Sources */,
				A1D919FC1CBD7679006D9D4D /* collectionVC.swift in Sources */,
				A1DC84861CC2FCFA006C630D /* GameVC.swift in Sources */,
				A111B9CB1CBC2C2200A9104F /* PostCell.swift in Sources */,
			);
			runOnlyForDeploymentPostprocessing = 0;
		};
/* End PBXSourcesBuildPhase section */

/* Begin PBXVariantGroup section */
		A111B9B51CBC209500A9104F /* Main.storyboard */ = {
			isa = PBXVariantGroup;
			children = (
				A111B9B61CBC209500A9104F /* Base */,
			);
			name = Main.storyboard;
			path = scrabbleTwoLetter;
			sourceTree = "<group>";
		};
		A111B9BD1CBC209500A9104F /* LaunchScreen.storyboard */ = {
			isa = PBXVariantGroup;
			children = (
				A111B9BE1CBC209500A9104F /* Base */,
			);
			name = LaunchScreen.storyboard;
			sourceTree = "<group>";
		};
/* End PBXVariantGroup section */

/* Begin XCBuildConfiguration section */
		A111B9C11CBC209500A9104F /* Debug */ = {
			isa = XCBuildConfiguration;
			buildSettings = {
				ALWAYS_SEARCH_USER_PATHS = NO;
				CLANG_CXX_LANGUAGE_STANDARD = "gnu++0x";
				CLANG_CXX_LIBRARY = "libc++";
				CLANG_ENABLE_MODULES = YES;
				CLANG_ENABLE_OBJC_ARC = YES;
				CLANG_WARN_BOOL_CONVERSION = YES;
				CLANG_WARN_CONSTANT_CONVERSION = YES;
				CLANG_WARN_DIRECT_OBJC_ISA_USAGE = YES_ERROR;
				CLANG_WARN_EMPTY_BODY = YES;
				CLANG_WARN_ENUM_CONVERSION = YES;
				CLANG_WARN_INT_CONVERSION = YES;
				CLANG_WARN_OBJC_ROOT_CLASS = YES_ERROR;
				CLANG_WARN_UNREACHABLE_CODE = YES;
				CLANG_WARN__DUPLICATE_METHOD_MATCH = YES;
				"CODE_SIGN_IDENTITY[sdk=iphoneos*]" = "iPhone Developer";
				COPY_PHASE_STRIP = NO;
				DEBUG_INFORMATION_FORMAT = dwarf;
				ENABLE_STRICT_OBJC_MSGSEND = YES;
				ENABLE_TESTABILITY = YES;
				GCC_C_LANGUAGE_STANDARD = gnu99;
				GCC_DYNAMIC_NO_PIC = NO;
				GCC_NO_COMMON_BLOCKS = YES;
				GCC_OPTIMIZATION_LEVEL = 0;
				GCC_PREPROCESSOR_DEFINITIONS = (
					"DEBUG=1",
					"$(inherited)",
				);
				GCC_WARN_64_TO_32_BIT_CONVERSION = YES;
				GCC_WARN_ABOUT_RETURN_TYPE = YES_ERROR;
				GCC_WARN_UNDECLARED_SELECTOR = YES;
				GCC_WARN_UNINITIALIZED_AUTOS = YES_AGGRESSIVE;
				GCC_WARN_UNUSED_FUNCTION = YES;
				GCC_WARN_UNUSED_VARIABLE = YES;
				IPHONEOS_DEPLOYMENT_TARGET = 9.2;
				MTL_ENABLE_DEBUG_INFO = YES;
				ONLY_ACTIVE_ARCH = YES;
				SDKROOT = iphoneos;
				SWIFT_OPTIMIZATION_LEVEL = "-Onone";
				TARGETED_DEVICE_FAMILY = "1,2";
			};
			name = Debug;
		};
		A111B9C21CBC209500A9104F /* Release */ = {
			isa = XCBuildConfiguration;
			buildSettings = {
				ALWAYS_SEARCH_USER_PATHS = NO;
				CLANG_CXX_LANGUAGE_STANDARD = "gnu++0x";
				CLANG_CXX_LIBRARY = "libc++";
				CLANG_ENABLE_MODULES = YES;
				CLANG_ENABLE_OBJC_ARC = YES;
				CLANG_WARN_BOOL_CONVERSION = YES;
				CLANG_WARN_CONSTANT_CONVERSION = YES;
				CLANG_WARN_DIRECT_OBJC_ISA_USAGE = YES_ERROR;
				CLANG_WARN_EMPTY_BODY = YES;
				CLANG_WARN_ENUM_CONVERSION = YES;
				CLANG_WARN_INT_CONVERSION = YES;
				CLANG_WARN_OBJC_ROOT_CLASS = YES_ERROR;
				CLANG_WARN_UNREACHABLE_CODE = YES;
				CLANG_WARN__DUPLICATE_METHOD_MATCH = YES;
				"CODE_SIGN_IDENTITY[sdk=iphoneos*]" = "iPhone Developer";
				COPY_PHASE_STRIP = NO;
				DEBUG_INFORMATION_FORMAT = "dwarf-with-dsym";
				ENABLE_NS_ASSERTIONS = NO;
				ENABLE_STRICT_OBJC_MSGSEND = YES;
				GCC_C_LANGUAGE_STANDARD = gnu99;
				GCC_NO_COMMON_BLOCKS = YES;
				GCC_WARN_64_TO_32_BIT_CONVERSION = YES;
				GCC_WARN_ABOUT_RETURN_TYPE = YES_ERROR;
				GCC_WARN_UNDECLARED_SELECTOR = YES;
				GCC_WARN_UNINITIALIZED_AUTOS = YES_AGGRESSIVE;
				GCC_WARN_UNUSED_FUNCTION = YES;
				GCC_WARN_UNUSED_VARIABLE = YES;
				IPHONEOS_DEPLOYMENT_TARGET = 9.2;
				MTL_ENABLE_DEBUG_INFO = NO;
				SDKROOT = iphoneos;
				TARGETED_DEVICE_FAMILY = "1,2";
				VALIDATE_PRODUCT = YES;
			};
			name = Release;
		};
		A111B9C41CBC209500A9104F /* Debug */ = {
			isa = XCBuildConfiguration;
			buildSettings = {
				ASSETCATALOG_COMPILER_APPICON_NAME = AppIcon;
				INFOPLIST_FILE = scrabbleTwoLetter/Info.plist;
				LD_RUNPATH_SEARCH_PATHS = "$(inherited) @executable_path/Frameworks";
				PRODUCT_BUNDLE_IDENTIFIER = com.chrishovey.scrabbleTwoLetter;
				PRODUCT_NAME = "$(TARGET_NAME)";
				TARGETED_DEVICE_FAMILY = 1;
			};
			name = Debug;
		};
		A111B9C51CBC209500A9104F /* Release */ = {
			isa = XCBuildConfiguration;
			buildSettings = {
				ASSETCATALOG_COMPILER_APPICON_NAME = AppIcon;
				INFOPLIST_FILE = scrabbleTwoLetter/Info.plist;
				LD_RUNPATH_SEARCH_PATHS = "$(inherited) @executable_path/Frameworks";
				PRODUCT_BUNDLE_IDENTIFIER = com.chrishovey.scrabbleTwoLetter;
				PRODUCT_NAME = "$(TARGET_NAME)";
				TARGETED_DEVICE_FAMILY = 1;
			};
			name = Release;
		};
/* End XCBuildConfiguration section */

/* Begin XCConfigurationList section */
		A111B9A91CBC209500A9104F /* Build configuration list for PBXProject "scrabbleTwoLetter" */ = {
			isa = XCConfigurationList;
			buildConfigurations = (
				A111B9C11CBC209500A9104F /* Debug */,
				A111B9C21CBC209500A9104F /* Release */,
			);
			defaultConfigurationIsVisible = 0;
			defaultConfigurationName = Release;
		};
		A111B9C31CBC209500A9104F /* Build configuration list for PBXNativeTarget "scrabbleTwoLetter" */ = {
			isa = XCConfigurationList;
			buildConfigurations = (
				A111B9C41CBC209500A9104F /* Debug */,
				A111B9C51CBC209500A9104F /* Release */,
			);
			defaultConfigurationIsVisible = 0;
			defaultConfigurationName = Release;
		};
/* End XCConfigurationList section */

/* Begin XCVersionGroup section */
		A111B9B81CBC209500A9104F /* scrabbleTwoLetter.xcdatamodeld */ = {
			isa = XCVersionGroup;
			children = (
				A111B9B91CBC209500A9104F /* scrabbleTwoLetter.xcdatamodel */,
			);
			currentVersion = A111B9B91CBC209500A9104F /* scrabbleTwoLetter.xcdatamodel */;
			path = scrabbleTwoLetter.xcdatamodeld;
			sourceTree = "<group>";
			versionGroupType = wrapper.xcdatamodel;
		};
/* End XCVersionGroup section */
	};
	rootObject = A111B9A61CBC209500A9104F /* Project object */;
}
